
Microsoft Visual Studio Solution File, Format Version 12.00
# Visual Studio Version 17
VisualStudioVersion = 17.5.002.0
MinimumVisualStudioVersion = 10.0.40219.1
Project("{9A19103F-16F7-4668-BE54-9A1E7A4F7556}") = "DynamicReLab_SwissProt", "DynamicReLab_SwissProt.csproj", "{769C059F-8235-481A-831E-DD700CA34D4C}"
EndProject
Global
	GlobalSection(SolutionConfigurationPlatforms) = preSolution
		Debug|Any CPU = Debug|Any CPU
		Release|Any CPU = Release|Any CPU
	EndGlobalSection
	GlobalSection(ProjectConfigurationPlatforms) = postSolution
		{769C059F-8235-481A-831E-DD700CA34D4C}.Debug|Any CPU.ActiveCfg = Debug|Any CPU
		{769C059F-8235-481A-831E-DD700CA34D4C}.Debug|Any CPU.Build.0 = Debug|Any CPU
		{769C059F-8235-481A-831E-DD700CA34D4C}.Release|Any CPU.ActiveCfg = Release|Any CPU
		{769C059F-8235-481A-831E-DD700CA34D4C}.Release|Any CPU.Build.0 = Release|Any CPU
	EndGlobalSection
	GlobalSection(SolutionProperties) = preSolution
		HideSolutionNode = FALSE
	EndGlobalSection
	GlobalSection(ExtensibilityGlobals) = postSolution
		SolutionGuid = {48E007E1-D51C-4FFB-B818-EE8231B8AB07}
	EndGlobalSection
EndGlobal
